dependencies:
- name: cert-manager
  repository: https://charts.jetstack.io
  version: v0.7.0
- name: nginx-ingress
  repository: https://kubernetes-charts.storage.googleapis.com
  version: 1.4.0
- name: jupyterhub
  repository: https://jupyterhub.github.io/helm-chart
  version: 0.9-61cf357
digest: sha256:e3138e4ea6e5dde5f79b674567981f19e392390f9b53302733f116f05a0e1fb6
generated: 2019-04-03T22:07:32.049221879+02:00
