dependencies:
- name: cert-manager
  repository: https://charts.jetstack.io
  version: v0.7.0
- name: nginx-ingress
  repository: https://kubernetes-charts.storage.googleapis.com
  version: 1.4.0
- name: jupyterhub
  repository: https://jupyterhub.github.io/helm-chart
  version: 0.9-8ed2f81
digest: sha256:ccf368ce25e24f89be558b6beeb40da9b057f2664b3f98222bcfaa2eca8d9fa2
generated: 2019-04-02T00:16:49.486672219+02:00
